
Microsoft Visual Studio Solution File, Format Version 11.00
# Visual Web Developer Express 2010
Project("{E24C65DC-7377-472B-9ABA-BC803B73C61A}") = "TryAppoint", ".", "{E6E5BDE5-9C0F-44C6-BD25-6193D2688E7A}"
	ProjectSection(WebsiteProperties) = preProject
		TargetFrameworkMoniker = ".NETFramework,Version%3Dv4.0"
		Debug.AspNetCompiler.VirtualPath = "/TryAppoint"
		Debug.AspNetCompiler.PhysicalPath = "..\TryAppoint\"
		Debug.AspNetCompiler.TargetPath = "PrecompiledWeb\TryAppoint\"
		Debug.AspNetCompiler.Updateable = "true"
		Debug.AspNetCompiler.ForceOverwrite = "true"
		Debug.AspNetCompiler.FixedNames = "false"
		Debug.AspNetCompiler.Debug = "True"
		Release.AspNetCompiler.VirtualPath = "/TryAppoint"
		Release.AspNetCompiler.PhysicalPath = "..\TryAppoint\"
		Release.AspNetCompiler.TargetPath = "PrecompiledWeb\TryAppoint\"
		Release.AspNetCompiler.Updateable = "true"
		Release.AspNetCompiler.ForceOverwrite = "true"
		Release.AspNetCompiler.FixedNames = "false"
		Release.AspNetCompiler.Debug = "False"
		VWDPort = "56322"
	EndProjectSection
EndProject
Global
	GlobalSection(SolutionConfigurationPlatforms) = preSolution
		Debug|Any CPU = Debug|Any CPU
	EndGlobalSection
	GlobalSection(ProjectConfigurationPlatforms) = postSolution
		{E6E5BDE5-9C0F-44C6-BD25-6193D2688E7A}.Debug|Any CPU.ActiveCfg = Debug|Any CPU
		{E6E5BDE5-9C0F-44C6-BD25-6193D2688E7A}.Debug|Any CPU.Build.0 = Debug|Any CPU
	EndGlobalSection
	GlobalSection(SolutionProperties) = preSolution
		HideSolutionNode = FALSE
	EndGlobalSection
EndGlobal
